// !$*UTF8*$!
{
	archiveVersion = 1;
	classes = {
	};
	objectVersion = 46;
	objects = {

/* Begin PBXBuildFile section */
		461F0B371A4AA082003BA44E /* SWRevealViewController.m in Sources */ = {isa = PBXBuildFile; fileRef = 461F0B361A4AA082003BA44E /* SWRevealViewController.m */; };
		461F0B3A1A4AA0A6003BA44E /* MBProgressHUD.m in Sources */ = {isa = PBXBuildFile; fileRef = 461F0B391A4AA0A6003BA44E /* MBProgressHUD.m */; };
		461F0B3C1A4AA106003BA44E /* FacebookSDK.framework in Frameworks */ = {isa = PBXBuildFile; fileRef = 461F0B3B1A4AA106003BA44E /* FacebookSDK.framework */; };
		461F0B511A4AA125003BA44E /* AFHTTPRequestOperation.m in Sources */ = {isa = PBXBuildFile; fileRef = 461F0B3F1A4AA125003BA44E /* AFHTTPRequestOperation.m */; };
		461F0B521A4AA125003BA44E /* AFHTTPRequestOperationManager.m in Sources */ = {isa = PBXBuildFile; fileRef = 461F0B411A4AA125003BA44E /* AFHTTPRequestOperationManager.m */; };
		461F0B531A4AA125003BA44E /* AFHTTPSessionManager.m in Sources */ = {isa = PBXBuildFile; fileRef = 461F0B431A4AA125003BA44E /* AFHTTPSessionManager.m */; };
		461F0B541A4AA125003BA44E /* AFNetworkReachabilityManager.m in Sources */ = {isa = PBXBuildFile; fileRef = 461F0B461A4AA125003BA44E /* AFNetworkReachabilityManager.m */; };
		461F0B551A4AA125003BA44E /* AFSecurityPolicy.m in Sources */ = {isa = PBXBuildFile; fileRef = 461F0B481A4AA125003BA44E /* AFSecurityPolicy.m */; };
		461F0B561A4AA125003BA44E /* AFURLConnectionOperation.m in Sources */ = {isa = PBXBuildFile; fileRef = 461F0B4A1A4AA125003BA44E /* AFURLConnectionOperation.m */; };
		461F0B571A4AA125003BA44E /* AFURLRequestSerialization.m in Sources */ = {isa = PBXBuildFile; fileRef = 461F0B4C1A4AA125003BA44E /* AFURLRequestSerialization.m */; };
		461F0B581A4AA125003BA44E /* AFURLResponseSerialization.m in Sources */ = {isa = PBXBuildFile; fileRef = 461F0B4E1A4AA125003BA44E /* AFURLResponseSerialization.m */; };
		461F0B591A4AA125003BA44E /* AFURLSessionManager.m in Sources */ = {isa = PBXBuildFile; fileRef = 461F0B501A4AA125003BA44E /* AFURLSessionManager.m */; };
		461F0B5D1A4BC05E003BA44E /* AccountViewController.swift in Sources */ = {isa = PBXBuildFile; fileRef = 461F0B5C1A4BC05E003BA44E /* AccountViewController.swift */; };
		461F13CC1A345C18005290E1 /* ViewController.swift in Sources */ = {isa = PBXBuildFile; fileRef = 461F13CB1A345C18005290E1 /* ViewController.swift */; };
		463A09F31A6796A3000AE617 /* Alamofire.framework in Frameworks */ = {isa = PBXBuildFile; fileRef = 463A09EC1A67966D000AE617 /* Alamofire.framework */; };
		463A09F41A6796A3000AE617 /* Alamofire.framework in Embed Frameworks */ = {isa = PBXBuildFile; fileRef = 463A09EC1A67966D000AE617 /* Alamofire.framework */; settings = {ATTRIBUTES = (CodeSignOnCopy, RemoveHeadersOnCopy, ); }; };
		4644520C1A4F7C220073B1D1 /* CardGroupViewHelper.swift in Sources */ = {isa = PBXBuildFile; fileRef = 4644520B1A4F7C220073B1D1 /* CardGroupViewHelper.swift */; };
		4644520E1A4F80E00073B1D1 /* QuartzCore.framework in Frameworks */ = {isa = PBXBuildFile; fileRef = 4644520D1A4F80E00073B1D1 /* QuartzCore.framework */; };
		464452101A5005A60073B1D1 /* AccountViewUIHelper.swift in Sources */ = {isa = PBXBuildFile; fileRef = 4644520F1A5005A60073B1D1 /* AccountViewUIHelper.swift */; };
		464452121A513CA10073B1D1 /* ActionButtonGroup.swift in Sources */ = {isa = PBXBuildFile; fileRef = 464452111A513CA10073B1D1 /* ActionButtonGroup.swift */; };
		464452151A51D9B10073B1D1 /* AppSettings.bundle in Resources */ = {isa = PBXBuildFile; fileRef = 464452141A51D9B10073B1D1 /* AppSettings.bundle */; };
		46610D971A4C04CC007E1145 /* MKAnnotationView+WebCache.m in Sources */ = {isa = PBXBuildFile; fileRef = 46610D771A4C04CC007E1145 /* MKAnnotationView+WebCache.m */; };
		46610D981A4C04CC007E1145 /* NSData+ImageContentType.m in Sources */ = {isa = PBXBuildFile; fileRef = 46610D791A4C04CC007E1145 /* NSData+ImageContentType.m */; };
		46610D991A4C04CC007E1145 /* SDImageCache.m in Sources */ = {isa = PBXBuildFile; fileRef = 46610D7B1A4C04CC007E1145 /* SDImageCache.m */; };
		46610D9A1A4C04CC007E1145 /* SDWebImageCompat.m in Sources */ = {isa = PBXBuildFile; fileRef = 46610D7D1A4C04CC007E1145 /* SDWebImageCompat.m */; };
		46610D9B1A4C04CC007E1145 /* SDWebImageDecoder.m in Sources */ = {isa = PBXBuildFile; fileRef = 46610D7F1A4C04CC007E1145 /* SDWebImageDecoder.m */; };
		46610D9C1A4C04CC007E1145 /* SDWebImageDownloader.m in Sources */ = {isa = PBXBuildFile; fileRef = 46610D811A4C04CC007E1145 /* SDWebImageDownloader.m */; };
		46610D9D1A4C04CC007E1145 /* SDWebImageDownloaderOperation.m in Sources */ = {isa = PBXBuildFile; fileRef = 46610D831A4C04CC007E1145 /* SDWebImageDownloaderOperation.m */; };
		46610D9E1A4C04CC007E1145 /* SDWebImageManager.m in Sources */ = {isa = PBXBuildFile; fileRef = 46610D851A4C04CC007E1145 /* SDWebImageManager.m */; };
		46610D9F1A4C04CC007E1145 /* SDWebImagePrefetcher.m in Sources */ = {isa = PBXBuildFile; fileRef = 46610D881A4C04CC007E1145 /* SDWebImagePrefetcher.m */; };
		46610DA01A4C04CC007E1145 /* UIButton+WebCache.m in Sources */ = {isa = PBXBuildFile; fileRef = 46610D8A1A4C04CC007E1145 /* UIButton+WebCache.m */; };
		46610DA11A4C04CC007E1145 /* UIImage+GIF.m in Sources */ = {isa = PBXBuildFile; fileRef = 46610D8C1A4C04CC007E1145 /* UIImage+GIF.m */; };
		46610DA21A4C04CC007E1145 /* UIImage+MultiFormat.m in Sources */ = {isa = PBXBuildFile; fileRef = 46610D8E1A4C04CC007E1145 /* UIImage+MultiFormat.m */; };
		46610DA31A4C04CC007E1145 /* UIImage+WebP.m in Sources */ = {isa = PBXBuildFile; fileRef = 46610D901A4C04CC007E1145 /* UIImage+WebP.m */; };
		46610DA41A4C04CC007E1145 /* UIImageView+HighlightedWebCache.m in Sources */ = {isa = PBXBuildFile; fileRef = 46610D921A4C04CC007E1145 /* UIImageView+HighlightedWebCache.m */; };
		46610DA51A4C04CC007E1145 /* UIImageView+WebCache.m in Sources */ = {isa = PBXBuildFile; fileRef = 46610D941A4C04CC007E1145 /* UIImageView+WebCache.m */; };
		46610DA61A4C04CC007E1145 /* UIView+WebCacheOperation.m in Sources */ = {isa = PBXBuildFile; fileRef = 46610D961A4C04CC007E1145 /* UIView+WebCacheOperation.m */; };
		46610DA91A4D328F007E1145 /* RatingButtonGroup.swift in Sources */ = {isa = PBXBuildFile; fileRef = 46610DA81A4D328F007E1145 /* RatingButtonGroup.swift */; };
		46610DAC1A4E4480007E1145 /* RankViewController.swift in Sources */ = {isa = PBXBuildFile; fileRef = 46610DAB1A4E4480007E1145 /* RankViewController.swift */; };
		46610DB01A4E73D8007E1145 /* ApiHelper.swift in Sources */ = {isa = PBXBuildFile; fileRef = 46610DAF1A4E73D8007E1145 /* ApiHelper.swift */; };
		46610DB21A4EB88A007E1145 /* ScoreImageStamp.swift in Sources */ = {isa = PBXBuildFile; fileRef = 46610DB11A4EB88A007E1145 /* ScoreImageStamp.swift */; };
		46B9214D1A31582100D83851 /* AppDelegate.swift in Sources */ = {isa = PBXBuildFile; fileRef = 46B9214C1A31582100D83851 /* AppDelegate.swift */; };
		46B921521A31582100D83851 /* Main.storyboard in Resources */ = {isa = PBXBuildFile; fileRef = 46B921501A31582100D83851 /* Main.storyboard */; };
		46B921541A31582100D83851 /* Images.xcassets in Resources */ = {isa = PBXBuildFile; fileRef = 46B921531A31582100D83851 /* Images.xcassets */; };
		46B921571A31582100D83851 /* LaunchScreen.xib in Resources */ = {isa = PBXBuildFile; fileRef = 46B921551A31582100D83851 /* LaunchScreen.xib */; };
		46B921631A31582100D83851 /* ratebeautyTests.swift in Sources */ = {isa = PBXBuildFile; fileRef = 46B921621A31582100D83851 /* ratebeautyTests.swift */; };
		46B9218F1A315F5000D83851 /* LoginViewController.swift in Sources */ = {isa = PBXBuildFile; fileRef = 46B9218E1A315F5000D83851 /* LoginViewController.swift */; };
		46C712621A59663800BA4A72 /* CustomIOS7AlertView.m in Sources */ = {isa = PBXBuildFile; fileRef = 46C712611A59663800BA4A72 /* CustomIOS7AlertView.m */; };
		46C712641A59666100BA4A72 /* CustomAlertViewUIHelper.swift in Sources */ = {isa = PBXBuildFile; fileRef = 46C712631A59666100BA4A72 /* CustomAlertViewUIHelper.swift */; };
		46C712971A5A3F5200BA4A72 /* IASKAppSettingsViewController.m in Sources */ = {isa = PBXBuildFile; fileRef = 46C712681A5A3F5200BA4A72 /* IASKAppSettingsViewController.m */; };
		46C712981A5A3F5200BA4A72 /* IASKAppSettingsWebViewController.m in Sources */ = {isa = PBXBuildFile; fileRef = 46C7126A1A5A3F5200BA4A72 /* IASKAppSettingsWebViewController.m */; };
		46C712991A5A3F5200BA4A72 /* IASKMultipleValueSelection.m in Sources */ = {isa = PBXBuildFile; fileRef = 46C7126C1A5A3F5200BA4A72 /* IASKMultipleValueSelection.m */; };
		46C7129A1A5A3F5200BA4A72 /* IASKSpecifierValuesViewController.m in Sources */ = {isa = PBXBuildFile; fileRef = 46C7126E1A5A3F5200BA4A72 /* IASKSpecifierValuesViewController.m */; };
		46C7129B1A5A3F5200BA4A72 /* IASKSettingsReader.m in Sources */ = {isa = PBXBuildFile; fileRef = 46C712721A5A3F5200BA4A72 /* IASKSettingsReader.m */; };
		46C7129C1A5A3F5200BA4A72 /* IASKSettingsStore.m in Sources */ = {isa = PBXBuildFile; fileRef = 46C712741A5A3F5200BA4A72 /* IASKSettingsStore.m */; };
		46C7129D1A5A3F5200BA4A72 /* IASKSettingsStoreFile.m in Sources */ = {isa = PBXBuildFile; fileRef = 46C712761A5A3F5200BA4A72 /* IASKSettingsStoreFile.m */; };
		46C7129E1A5A3F5200BA4A72 /* IASKSettingsStoreUserDefaults.m in Sources */ = {isa = PBXBuildFile; fileRef = 46C712781A5A3F5200BA4A72 /* IASKSettingsStoreUserDefaults.m */; };
		46C7129F1A5A3F5200BA4A72 /* IASKSpecifier.m in Sources */ = {isa = PBXBuildFile; fileRef = 46C7127A1A5A3F5200BA4A72 /* IASKSpecifier.m */; };
		46C712A01A5A3F5200BA4A72 /* IASKLocalizable.strings in Resources */ = {isa = PBXBuildFile; fileRef = 46C7127C1A5A3F5200BA4A72 /* IASKLocalizable.strings */; };
		46C712A11A5A3F5200BA4A72 /* IASKPSSliderSpecifierViewCell.m in Sources */ = {isa = PBXBuildFile; fileRef = 46C7128E1A5A3F5200BA4A72 /* IASKPSSliderSpecifierViewCell.m */; };
		46C712A21A5A3F5200BA4A72 /* IASKPSTextFieldSpecifierViewCell.m in Sources */ = {isa = PBXBuildFile; fileRef = 46C712901A5A3F5200BA4A72 /* IASKPSTextFieldSpecifierViewCell.m */; };
		46C712A31A5A3F5200BA4A72 /* IASKSlider.m in Sources */ = {isa = PBXBuildFile; fileRef = 46C712921A5A3F5200BA4A72 /* IASKSlider.m */; };
		46C712A41A5A3F5200BA4A72 /* IASKSwitch.m in Sources */ = {isa = PBXBuildFile; fileRef = 46C712941A5A3F5200BA4A72 /* IASKSwitch.m */; };
		46C712A51A5A3F5200BA4A72 /* IASKTextField.m in Sources */ = {isa = PBXBuildFile; fileRef = 46C712961A5A3F5200BA4A72 /* IASKTextField.m */; };
		46C712A91A5A546700BA4A72 /* AppSettingsTableViewController.swift in Sources */ = {isa = PBXBuildFile; fileRef = 46C712A81A5A546700BA4A72 /* AppSettingsTableViewController.swift */; };
		46C712AB1A5B959500BA4A72 /* StoreKit.framework in Frameworks */ = {isa = PBXBuildFile; fileRef = 46C712AA1A5B959500BA4A72 /* StoreKit.framework */; };
		46E5653A1A52919700FC4376 /* RankTableViewUIHelper.swift in Sources */ = {isa = PBXBuildFile; fileRef = 46E565391A52919700FC4376 /* RankTableViewUIHelper.swift */; };
		46E5653E1A53CDC800FC4376 /* UIScrollView+InfiniteScroll.m in Sources */ = {isa = PBXBuildFile; fileRef = 46E5653D1A53CDC800FC4376 /* UIScrollView+InfiniteScroll.m */; };
		46E565401A56779A00FC4376 /* Constant.swift in Sources */ = {isa = PBXBuildFile; fileRef = 46E5653F1A56779A00FC4376 /* Constant.swift */; };
/* End PBXBuildFile section */

/* Begin PBXContainerItemProxy section */
		463A09EB1A67966D000AE617 /* PBXContainerItemProxy */ = {
			isa = PBXContainerItemProxy;
			containerPortal = 463A09E51A67966D000AE617 /* Alamofire.xcodeproj */;
			proxyType = 2;
			remoteGlobalIDString = F8111E3319A95C8B0040E7D1;
			remoteInfo = "Alamofire iOS";
		};
		463A09ED1A67966D000AE617 /* PBXContainerItemProxy */ = {
			isa = PBXContainerItemProxy;
			containerPortal = 463A09E51A67966D000AE617 /* Alamofire.xcodeproj */;
			proxyType = 2;
			remoteGlobalIDString = 4DD67C0B1A5C55C900ED2280;
			remoteInfo = "Alamofire OSX";
		};
		463A09EF1A67966D000AE617 /* PBXContainerItemProxy */ = {
			isa = PBXContainerItemProxy;
			containerPortal = 463A09E51A67966D000AE617 /* Alamofire.xcodeproj */;
			proxyType = 2;
			remoteGlobalIDString = F8111E3E19A95C8B0040E7D1;
			remoteInfo = AlamofireTests;
		};
		463A09F11A67968A000AE617 /* PBXContainerItemProxy */ = {
			isa = PBXContainerItemProxy;
			containerPortal = 463A09E51A67966D000AE617 /* Alamofire.xcodeproj */;
			proxyType = 1;
			remoteGlobalIDString = F8111E3219A95C8B0040E7D1;
			remoteInfo = "Alamofire iOS";
		};
		463A09F51A6796A3000AE617 /* PBXContainerItemProxy */ = {
			isa = PBXContainerItemProxy;
			containerPortal = 463A09E51A67966D000AE617 /* Alamofire.xcodeproj */;
			proxyType = 1;
			remoteGlobalIDString = F8111E3219A95C8B0040E7D1;
			remoteInfo = "Alamofire iOS";
		};
		46B9215D1A31582100D83851 /* PBXContainerItemProxy */ = {
			isa = PBXContainerItemProxy;
			containerPortal = 46B9213F1A31582100D83851 /* Project object */;
			proxyType = 1;
			remoteGlobalIDString = 46B921461A31582100D83851;
			remoteInfo = ratebeauty;
		};
/* End PBXContainerItemProxy section */

/* Begin PBXCopyFilesBuildPhase section */
		463A09F71A6796A3000AE617 /* Embed Frameworks */ = {
			isa = PBXCopyFilesBuildPhase;
			buildActionMask = 2147483647;
			dstPath = "";
			dstSubfolderSpec = 10;
			files = (
				463A09F41A6796A3000AE617 /* Alamofire.framework in Embed Frameworks */,
			);
			name = "Embed Frameworks";
			runOnlyForDeploymentPostprocessing = 0;
		};
/* End PBXCopyFilesBuildPhase section */

/* Begin PBXFileReference section */
		461F0B351A4AA082003BA44E /* SWRevealViewController.h */ = {isa = PBXFileReference; fileEncoding = 4; lastKnownFileType = sourcecode.c.h; path = SWRevealViewController.h; sourceTree = "<group>"; };
		461F0B361A4AA082003BA44E /* SWRevealViewController.m */ = {isa = PBXFileReference; fileEncoding = 4; lastKnownFileType = sourcecode.c.objc; path = SWRevealViewController.m; sourceTree = "<group>"; };
		461F0B381A4AA0A6003BA44E /* MBProgressHUD.h */ = {isa = PBXFileReference; fileEncoding = 4; lastKnownFileType = sourcecode.c.h; path = MBProgressHUD.h; sourceTree = "<group>"; };
		461F0B391A4AA0A6003BA44E /* MBProgressHUD.m */ = {isa = PBXFileReference; fileEncoding = 4; lastKnownFileType = sourcecode.c.objc; path = MBProgressHUD.m; sourceTree = "<group>"; };
		461F0B3B1A4AA106003BA44E /* FacebookSDK.framework */ = {isa = PBXFileReference; lastKnownFileType = wrapper.framework; name = FacebookSDK.framework; path = ../FacebookSDK.framework; sourceTree = "<group>"; };
		461F0B3E1A4AA125003BA44E /* AFHTTPRequestOperation.h */ = {isa = PBXFileReference; fileEncoding = 4; lastKnownFileType = sourcecode.c.h; path = AFHTTPRequestOperation.h; sourceTree = "<group>"; };
		461F0B3F1A4AA125003BA44E /* AFHTTPRequestOperation.m */ = {isa = PBXFileReference; fileEncoding = 4; lastKnownFileType = sourcecode.c.objc; path = AFHTTPRequestOperation.m; sourceTree = "<group>"; };
		461F0B401A4AA125003BA44E /* AFHTTPRequestOperationManager.h */ = {isa = PBXFileReference; fileEncoding = 4; lastKnownFileType = sourcecode.c.h; path = AFHTTPRequestOperationManager.h; sourceTree = "<group>"; };
		461F0B411A4AA125003BA44E /* AFHTTPRequestOperationManager.m */ = {isa = PBXFileReference; fileEncoding = 4; lastKnownFileType = sourcecode.c.objc; path = AFHTTPRequestOperationManager.m; sourceTree = "<group>"; };
		461F0B421A4AA125003BA44E /* AFHTTPSessionManager.h */ = {isa = PBXFileReference; fileEncoding = 4; lastKnownFileType = sourcecode.c.h; path = AFHTTPSessionManager.h; sourceTree = "<group>"; };
		461F0B431A4AA125003BA44E /* AFHTTPSessionManager.m */ = {isa = PBXFileReference; fileEncoding = 4; lastKnownFileType = sourcecode.c.objc; path = AFHTTPSessionManager.m; sourceTree = "<group>"; };
		461F0B441A4AA125003BA44E /* AFNetworking.h */ = {isa = PBXFileReference; fileEncoding = 4; lastKnownFileType = sourcecode.c.h; path = AFNetworking.h; sourceTree = "<group>"; };
		461F0B451A4AA125003BA44E /* AFNetworkReachabilityManager.h */ = {isa = PBXFileReference; fileEncoding = 4; lastKnownFileType = sourcecode.c.h; path = AFNetworkReachabilityManager.h; sourceTree = "<group>"; };
		461F0B461A4AA125003BA44E /* AFNetworkReachabilityManager.m */ = {isa = PBXFileReference; fileEncoding = 4; lastKnownFileType = sourcecode.c.objc; path = AFNetworkReachabilityManager.m; sourceTree = "<group>"; };
		461F0B471A4AA125003BA44E /* AFSecurityPolicy.h */ = {isa = PBXFileReference; fileEncoding = 4; lastKnownFileType = sourcecode.c.h; path = AFSecurityPolicy.h; sourceTree = "<group>"; };
		461F0B481A4AA125003BA44E /* AFSecurityPolicy.m */ = {isa = PBXFileReference; fileEncoding = 4; lastKnownFileType = sourcecode.c.objc; path = AFSecurityPolicy.m; sourceTree = "<group>"; };
		461F0B491A4AA125003BA44E /* AFURLConnectionOperation.h */ = {isa = PBXFileReference; fileEncoding = 4; lastKnownFileType = sourcecode.c.h; path = AFURLConnectionOperation.h; sourceTree = "<group>"; };
		461F0B4A1A4AA125003BA44E /* AFURLConnectionOperation.m */ = {isa = PBXFileReference; fileEncoding = 4; lastKnownFileType = sourcecode.c.objc; path = AFURLConnectionOperation.m; sourceTree = "<group>"; };
		461F0B4B1A4AA125003BA44E /* AFURLRequestSerialization.h */ = {isa = PBXFileReference; fileEncoding = 4; lastKnownFileType = sourcecode.c.h; path = AFURLRequestSerialization.h; sourceTree = "<group>"; };
		461F0B4C1A4AA125003BA44E /* AFURLRequestSerialization.m */ = {isa = PBXFileReference; fileEncoding = 4; lastKnownFileType = sourcecode.c.objc; path = AFURLRequestSerialization.m; sourceTree = "<group>"; };
		461F0B4D1A4AA125003BA44E /* AFURLResponseSerialization.h */ = {isa = PBXFileReference; fileEncoding = 4; lastKnownFileType = sourcecode.c.h; path = AFURLResponseSerialization.h; sourceTree = "<group>"; };
		461F0B4E1A4AA125003BA44E /* AFURLResponseSerialization.m */ = {isa = PBXFileReference; fileEncoding = 4; lastKnownFileType = sourcecode.c.objc; path = AFURLResponseSerialization.m; sourceTree = "<group>"; };
		461F0B4F1A4AA125003BA44E /* AFURLSessionManager.h */ = {isa = PBXFileReference; fileEncoding = 4; lastKnownFileType = sourcecode.c.h; path = AFURLSessionManager.h; sourceTree = "<group>"; };
		461F0B501A4AA125003BA44E /* AFURLSessionManager.m */ = {isa = PBXFileReference; fileEncoding = 4; lastKnownFileType = sourcecode.c.objc; path = AFURLSessionManager.m; sourceTree = "<group>"; };
		461F0B5C1A4BC05E003BA44E /* AccountViewController.swift */ = {isa = PBXFileReference; fileEncoding = 4; lastKnownFileType = sourcecode.swift; path = AccountViewController.swift; sourceTree = "<group>"; };
		461F13CB1A345C18005290E1 /* ViewController.swift */ = {isa = PBXFileReference; fileEncoding = 4; lastKnownFileType = sourcecode.swift; path = ViewController.swift; sourceTree = "<group>"; };
		463A09E51A67966D000AE617 /* Alamofire.xcodeproj */ = {isa = PBXFileReference; lastKnownFileType = "wrapper.pb-project"; name = Alamofire.xcodeproj; path = Alamofire/Alamofire.xcodeproj; sourceTree = SOURCE_ROOT; };
		4644520B1A4F7C220073B1D1 /* CardGroupViewHelper.swift */ = {isa = PBXFileReference; fileEncoding = 4; lastKnownFileType = sourcecode.swift; path = CardGroupViewHelper.swift; sourceTree = "<group>"; };
		4644520D1A4F80E00073B1D1 /* QuartzCore.framework */ = {isa = PBXFileReference; lastKnownFileType = wrapper.framework; name = QuartzCore.framework; path = System/Library/Frameworks/QuartzCore.framework; sourceTree = SDKROOT; };
		4644520F1A5005A60073B1D1 /* AccountViewUIHelper.swift */ = {isa = PBXFileReference; fileEncoding = 4; lastKnownFileType = sourcecode.swift; path = AccountViewUIHelper.swift; sourceTree = "<group>"; };
		464452111A513CA10073B1D1 /* ActionButtonGroup.swift */ = {isa = PBXFileReference; fileEncoding = 4; lastKnownFileType = sourcecode.swift; path = ActionButtonGroup.swift; sourceTree = "<group>"; };
		464452141A51D9B10073B1D1 /* AppSettings.bundle */ = {isa = PBXFileReference; lastKnownFileType = "wrapper.plug-in"; path = AppSettings.bundle; sourceTree = "<group>"; };
		46610D761A4C04CC007E1145 /* MKAnnotationView+WebCache.h */ = {isa = PBXFileReference; fileEncoding = 4; lastKnownFileType = sourcecode.c.h; path = "MKAnnotationView+WebCache.h"; sourceTree = "<group>"; };
		46610D771A4C04CC007E1145 /* MKAnnotationView+WebCache.m */ = {isa = PBXFileReference; fileEncoding = 4; lastKnownFileType = sourcecode.c.objc; path = "MKAnnotationView+WebCache.m"; sourceTree = "<group>"; };
		46610D781A4C04CC007E1145 /* NSData+ImageContentType.h */ = {isa = PBXFileReference; fileEncoding = 4; lastKnownFileType = sourcecode.c.h; path = "NSData+ImageContentType.h"; sourceTree = "<group>"; };
		46610D791A4C04CC007E1145 /* NSData+ImageContentType.m */ = {isa = PBXFileReference; fileEncoding = 4; lastKnownFileType = sourcecode.c.objc; path = "NSData+ImageContentType.m"; sourceTree = "<group>"; };
		46610D7A1A4C04CC007E1145 /* SDImageCache.h */ = {isa = PBXFileReference; fileEncoding = 4; lastKnownFileType = sourcecode.c.h; path = SDImageCache.h; sourceTree = "<group>"; };
		46610D7B1A4C04CC007E1145 /* SDImageCache.m */ = {isa = PBXFileReference; fileEncoding = 4; lastKnownFileType = sourcecode.c.objc; path = SDImageCache.m; sourceTree = "<group>"; };
		46610D7C1A4C04CC007E1145 /* SDWebImageCompat.h */ = {isa = PBXFileReference; fileEncoding = 4; lastKnownFileType = sourcecode.c.h; path = SDWebImageCompat.h; sourceTree = "<group>"; };
		46610D7D1A4C04CC007E1145 /* SDWebImageCompat.m */ = {isa = PBXFileReference; fileEncoding = 4; lastKnownFileType = sourcecode.c.objc; path = SDWebImageCompat.m; sourceTree = "<group>"; };
		46610D7E1A4C04CC007E1145 /* SDWebImageDecoder.h */ = {isa = PBXFileReference; fileEncoding = 4; lastKnownFileType = sourcecode.c.h; path = SDWebImageDecoder.h; sourceTree = "<group>"; };
		46610D7F1A4C04CC007E1145 /* SDWebImageDecoder.m */ = {isa = PBXFileReference; fileEncoding = 4; lastKnownFileType = sourcecode.c.objc; path = SDWebImageDecoder.m; sourceTree = "<group>"; };
		46610D801A4C04CC007E1145 /* SDWebImageDownloader.h */ = {isa = PBXFileReference; fileEncoding = 4; lastKnownFileType = sourcecode.c.h; path = SDWebImageDownloader.h; sourceTree = "<group>"; };
		46610D811A4C04CC007E1145 /* SDWebImageDownloader.m */ = {isa = PBXFileReference; fileEncoding = 4; lastKnownFileType = sourcecode.c.objc; path = SDWebImageDownloader.m; sourceTree = "<group>"; };
		46610D821A4C04CC007E1145 /* SDWebImageDownloaderOperation.h */ = {isa = PBXFileReference; fileEncoding = 4; lastKnownFileType = sourcecode.c.h; path = SDWebImageDownloaderOperation.h; sourceTree = "<group>"; };
		46610D831A4C04CC007E1145 /* SDWebImageDownloaderOperation.m */ = {isa = PBXFileReference; fileEncoding = 4; lastKnownFileType = sourcecode.c.objc; path = SDWebImageDownloaderOperation.m; sourceTree = "<group>"; };
		46610D841A4C04CC007E1145 /* SDWebImageManager.h */ = {isa = PBXFileReference; fileEncoding = 4; lastKnownFileType = sourcecode.c.h; path = SDWebImageManager.h; sourceTree = "<group>"; };
		46610D851A4C04CC007E1145 /* SDWebImageManager.m */ = {isa = PBXFileReference; fileEncoding = 4; lastKnownFileType = sourcecode.c.objc; path = SDWebImageManager.m; sourceTree = "<group>"; };
		46610D861A4C04CC007E1145 /* SDWebImageOperation.h */ = {isa = PBXFileReference; fileEncoding = 4; lastKnownFileType = sourcecode.c.h; path = SDWebImageOperation.h; sourceTree = "<group>"; };
		46610D871A4C04CC007E1145 /* SDWebImagePrefetcher.h */ = {isa = PBXFileReference; fileEncoding = 4; lastKnownFileType = sourcecode.c.h; path = SDWebImagePrefetcher.h; sourceTree = "<group>"; };
		46610D881A4C04CC007E1145 /* SDWebImagePrefetcher.m */ = {isa = PBXFileReference; fileEncoding = 4; lastKnownFileType = sourcecode.c.objc; path = SDWebImagePrefetcher.m; sourceTree = "<group>"; };
		46610D891A4C04CC007E1145 /* UIButton+WebCache.h */ = {isa = PBXFileReference; fileEncoding = 4; lastKnownFileType = sourcecode.c.h; path = "UIButton+WebCache.h"; sourceTree = "<group>"; };
		46610D8A1A4C04CC007E1145 /* UIButton+WebCache.m */ = {isa = PBXFileReference; fileEncoding = 4; lastKnownFileType = sourcecode.c.objc; path = "UIButton+WebCache.m"; sourceTree = "<group>"; };
		46610D8B1A4C04CC007E1145 /* UIImage+GIF.h */ = {isa = PBXFileReference; fileEncoding = 4; lastKnownFileType = sourcecode.c.h; path = "UIImage+GIF.h"; sourceTree = "<group>"; };
		46610D8C1A4C04CC007E1145 /* UIImage+GIF.m */ = {isa = PBXFileReference; fileEncoding = 4; lastKnownFileType = sourcecode.c.objc; path = "UIImage+GIF.m"; sourceTree = "<group>"; };
		46610D8D1A4C04CC007E1145 /* UIImage+MultiFormat.h */ = {isa = PBXFileReference; fileEncoding = 4; lastKnownFileType = sourcecode.c.h; path = "UIImage+MultiFormat.h"; sourceTree = "<group>"; };
		46610D8E1A4C04CC007E1145 /* UIImage+MultiFormat.m */ = {isa = PBXFileReference; fileEncoding = 4; lastKnownFileType = sourcecode.c.objc; path = "UIImage+MultiFormat.m"; sourceTree = "<group>"; };
		46610D8F1A4C04CC007E1145 /* UIImage+WebP.h */ = {isa = PBXFileReference; fileEncoding = 4; lastKnownFileType = sourcecode.c.h; path = "UIImage+WebP.h"; sourceTree = "<group>"; };
		46610D901A4C04CC007E1145 /* UIImage+WebP.m */ = {isa = PBXFileReference; fileEncoding = 4; lastKnownFileType = sourcecode.c.objc; path = "UIImage+WebP.m"; sourceTree = "<group>"; };
		46610D911A4C04CC007E1145 /* UIImageView+HighlightedWebCache.h */ = {isa = PBXFileReference; fileEncoding = 4; lastKnownFileType = sourcecode.c.h; path = "UIImageView+HighlightedWebCache.h"; sourceTree = "<group>"; };
		46610D921A4C04CC007E1145 /* UIImageView+HighlightedWebCache.m */ = {isa = PBXFileReference; fileEncoding = 4; lastKnownFileType = sourcecode.c.objc; path = "UIImageView+HighlightedWebCache.m"; sourceTree = "<group>"; };
		46610D931A4C04CC007E1145 /* UIImageView+WebCache.h */ = {isa = PBXFileReference; fileEncoding = 4; lastKnownFileType = sourcecode.c.h; path = "UIImageView+WebCache.h"; sourceTree = "<group>"; };
		46610D941A4C04CC007E1145 /* UIImageView+WebCache.m */ = {isa = PBXFileReference; fileEncoding = 4; lastKnownFileType = sourcecode.c.objc; path = "UIImageView+WebCache.m"; sourceTree = "<group>"; };
		46610D951A4C04CC007E1145 /* UIView+WebCacheOperation.h */ = {isa = PBXFileReference; fileEncoding = 4; lastKnownFileType = sourcecode.c.h; path = "UIView+WebCacheOperation.h"; sourceTree = "<group>"; };
		46610D961A4C04CC007E1145 /* UIView+WebCacheOperation.m */ = {isa = PBXFileReference; fileEncoding = 4; lastKnownFileType = sourcecode.c.objc; path = "UIView+WebCacheOperation.m"; sourceTree = "<group>"; };
		46610DA81A4D328F007E1145 /* RatingButtonGroup.swift */ = {isa = PBXFileReference; fileEncoding = 4; lastKnownFileType = sourcecode.swift; path = RatingButtonGroup.swift; sourceTree = "<group>"; };
		46610DAB1A4E4480007E1145 /* RankViewController.swift */ = {isa = PBXFileReference; fileEncoding = 4; lastKnownFileType = sourcecode.swift; path = RankViewController.swift; sourceTree = "<group>"; };
		46610DAF1A4E73D8007E1145 /* ApiHelper.swift */ = {isa = PBXFileReference; fileEncoding = 4; lastKnownFileType = sourcecode.swift; path = ApiHelper.swift; sourceTree = "<group>"; };
		46610DB11A4EB88A007E1145 /* ScoreImageStamp.swift */ = {isa = PBXFileReference; fileEncoding = 4; lastKnownFileType = sourcecode.swift; path = ScoreImageStamp.swift; sourceTree = "<group>"; };
		46B921471A31582100D83851 /* ratebeauty.app */ = {isa = PBXFileReference; explicitFileType = wrapper.application; includeInIndex = 0; path = ratebeauty.app; sourceTree = BUILT_PRODUCTS_DIR; };
		46B9214B1A31582100D83851 /* Info.plist */ = {isa = PBXFileReference; lastKnownFileType = text.plist.xml; path = Info.plist; sourceTree = "<group>"; };
		46B9214C1A31582100D83851 /* AppDelegate.swift */ = {isa = PBXFileReference; lastKnownFileType = sourcecode.swift; path = AppDelegate.swift; sourceTree = "<group>"; };
		46B921511A31582100D83851 /* Base */ = {isa = PBXFileReference; lastKnownFileType = file.storyboard; name = Base; path = Base.lproj/Main.storyboard; sourceTree = "<group>"; };
		46B921531A31582100D83851 /* Images.xcassets */ = {isa = PBXFileReference; lastKnownFileType = folder.assetcatalog; path = Images.xcassets; sourceTree = "<group>"; };
		46B921561A31582100D83851 /* Base */ = {isa = PBXFileReference; lastKnownFileType = file.xib; name = Base; path = Base.lproj/LaunchScreen.xib; sourceTree = "<group>"; };
		46B9215C1A31582100D83851 /* ratebeautyTests.xctest */ = {isa = PBXFileReference; explicitFileType = wrapper.cfbundle; includeInIndex = 0; path = ratebeautyTests.xctest; sourceTree = BUILT_PRODUCTS_DIR; };
		46B921611A31582100D83851 /* Info.plist */ = {isa = PBXFileReference; lastKnownFileType = text.plist.xml; path = Info.plist; sourceTree = "<group>"; };
		46B921621A31582100D83851 /* ratebeautyTests.swift */ = {isa = PBXFileReference; lastKnownFileType = sourcecode.swift; path = ratebeautyTests.swift; sourceTree = "<group>"; };
		46B9216E1A3158BB00D83851 /* ratebeauty-Bridging-Header.h */ = {isa = PBXFileReference; lastKnownFileType = sourcecode.c.h; path = "ratebeauty-Bridging-Header.h"; sourceTree = "<group>"; };
		46B9218E1A315F5000D83851 /* LoginViewController.swift */ = {isa = PBXFileReference; fileEncoding = 4; lastKnownFileType = sourcecode.swift; path = LoginViewController.swift; sourceTree = "<group>"; };
		46C712601A59663800BA4A72 /* CustomIOS7AlertView.h */ = {isa = PBXFileReference; fileEncoding = 4; lastKnownFileType = sourcecode.c.h; path = CustomIOS7AlertView.h; sourceTree = "<group>"; };
		46C712611A59663800BA4A72 /* CustomIOS7AlertView.m */ = {isa = PBXFileReference; fileEncoding = 4; lastKnownFileType = sourcecode.c.objc; path = CustomIOS7AlertView.m; sourceTree = "<group>"; };
		46C712631A59666100BA4A72 /* CustomAlertViewUIHelper.swift */ = {isa = PBXFileReference; fileEncoding = 4; lastKnownFileType = sourcecode.swift; path = CustomAlertViewUIHelper.swift; sourceTree = "<group>"; };
		46C712671A5A3F5200BA4A72 /* IASKAppSettingsViewController.h */ = {isa = PBXFileReference; fileEncoding = 4; lastKnownFileType = sourcecode.c.h; path = IASKAppSettingsViewController.h; sourceTree = "<group>"; };
		46C712681A5A3F5200BA4A72 /* IASKAppSettingsViewController.m */ = {isa = PBXFileReference; fileEncoding = 4; lastKnownFileType = sourcecode.c.objc; path = IASKAppSettingsViewController.m; sourceTree = "<group>"; };
		46C712691A5A3F5200BA4A72 /* IASKAppSettingsWebViewController.h */ = {isa = PBXFileReference; fileEncoding = 4; lastKnownFileType = sourcecode.c.h; path = IASKAppSettingsWebViewController.h; sourceTree = "<group>"; };
		46C7126A1A5A3F5200BA4A72 /* IASKAppSettingsWebViewController.m */ = {isa = PBXFileReference; fileEncoding = 4; lastKnownFileType = sourcecode.c.objc; path = IASKAppSettingsWebViewController.m; sourceTree = "<group>"; };
		46C7126B1A5A3F5200BA4A72 /* IASKMultipleValueSelection.h */ = {isa = PBXFileReference; fileEncoding = 4; lastKnownFileType = sourcecode.c.h; path = IASKMultipleValueSelection.h; sourceTree = "<group>"; };
		46C7126C1A5A3F5200BA4A72 /* IASKMultipleValueSelection.m */ = {isa = PBXFileReference; fileEncoding = 4; lastKnownFileType = sourcecode.c.objc; path = IASKMultipleValueSelection.m; sourceTree = "<group>"; };
		46C7126D1A5A3F5200BA4A72 /* IASKSpecifierValuesViewController.h */ = {isa = PBXFileReference; fileEncoding = 4; lastKnownFileType = sourcecode.c.h; path = IASKSpecifierValuesViewController.h; sourceTree = "<group>"; };
		46C7126E1A5A3F5200BA4A72 /* IASKSpecifierValuesViewController.m */ = {isa = PBXFileReference; fileEncoding = 4; lastKnownFileType = sourcecode.c.objc; path = IASKSpecifierValuesViewController.m; sourceTree = "<group>"; };
		46C7126F1A5A3F5200BA4A72 /* IASKViewController.h */ = {isa = PBXFileReference; fileEncoding = 4; lastKnownFileType = sourcecode.c.h; path = IASKViewController.h; sourceTree = "<group>"; };
		46C712711A5A3F5200BA4A72 /* IASKSettingsReader.h */ = {isa = PBXFileReference; fileEncoding = 4; lastKnownFileType = sourcecode.c.h; path = IASKSettingsReader.h; sourceTree = "<group>"; };
		46C712721A5A3F5200BA4A72 /* IASKSettingsReader.m */ = {isa = PBXFileReference; fileEncoding = 4; lastKnownFileType = sourcecode.c.objc; path = IASKSettingsReader.m; sourceTree = "<group>"; };
		46C712731A5A3F5200BA4A72 /* IASKSettingsStore.h */ = {isa = PBXFileReference; fileEncoding = 4; lastKnownFileType = sourcecode.c.h; path = IASKSettingsStore.h; sourceTree = "<group>"; };
		46C712741A5A3F5200BA4A72 /* IASKSettingsStore.m */ = {isa = PBXFileReference; fileEncoding = 4; lastKnownFileType = sourcecode.c.objc; path = IASKSettingsStore.m; sourceTree = "<group>"; };
		46C712751A5A3F5200BA4A72 /* IASKSettingsStoreFile.h */ = {isa = PBXFileReference; fileEncoding = 4; lastKnownFileType = sourcecode.c.h; path = IASKSettingsStoreFile.h; sourceTree = "<group>"; };
		46C712761A5A3F5200BA4A72 /* IASKSettingsStoreFile.m */ = {isa = PBXFileReference; fileEncoding = 4; lastKnownFileType = sourcecode.c.objc; path = IASKSettingsStoreFile.m; sourceTree = "<group>"; };
		46C712771A5A3F5200BA4A72 /* IASKSettingsStoreUserDefaults.h */ = {isa = PBXFileReference; fileEncoding = 4; lastKnownFileType = sourcecode.c.h; path = IASKSettingsStoreUserDefaults.h; sourceTree = "<group>"; };
		46C712781A5A3F5200BA4A72 /* IASKSettingsStoreUserDefaults.m */ = {isa = PBXFileReference; fileEncoding = 4; lastKnownFileType = sourcecode.c.objc; path = IASKSettingsStoreUserDefaults.m; sourceTree = "<group>"; };
		46C712791A5A3F5200BA4A72 /* IASKSpecifier.h */ = {isa = PBXFileReference; fileEncoding = 4; lastKnownFileType = sourcecode.c.h; path = IASKSpecifier.h; sourceTree = "<group>"; };
		46C7127A1A5A3F5200BA4A72 /* IASKSpecifier.m */ = {isa = PBXFileReference; fileEncoding = 4; lastKnownFileType = sourcecode.c.objc; path = IASKSpecifier.m; sourceTree = "<group>"; };
		46C7127D1A5A3F5200BA4A72 /* Base */ = {isa = PBXFileReference; lastKnownFileType = text.plist.strings; name = Base; path = Base.lproj/IASKLocalizable.strings; sourceTree = "<group>"; };
		46C7127E1A5A3F5200BA4A72 /* de */ = {isa = PBXFileReference; lastKnownFileType = text.plist.strings; name = de; path = de.lproj/IASKLocalizable.strings; sourceTree = "<group>"; };
		46C7127F1A5A3F5200BA4A72 /* el */ = {isa = PBXFileReference; lastKnownFileType = text.plist.strings; name = el; path = el.lproj/IASKLocalizable.strings; sourceTree = "<group>"; };
		46C712801A5A3F5200BA4A72 /* en */ = {isa = PBXFileReference; lastKnownFileType = text.plist.strings; name = en; path = en.lproj/IASKLocalizable.strings; sourceTree = "<group>"; };
		46C712811A5A3F5200BA4A72 /* es */ = {isa = PBXFileReference; lastKnownFileType = text.plist.strings; name = es; path = es.lproj/IASKLocalizable.strings; sourceTree = "<group>"; };
		46C712821A5A3F5200BA4A72 /* fr */ = {isa = PBXFileReference; lastKnownFileType = text.plist.strings; name = fr; path = fr.lproj/IASKLocalizable.strings; sourceTree = "<group>"; };
		46C712831A5A3F5200BA4A72 /* it */ = {isa = PBXFileReference; lastKnownFileType = text.plist.strings; name = it; path = it.lproj/IASKLocalizable.strings; sourceTree = "<group>"; };
		46C712841A5A3F5200BA4A72 /* ja */ = {isa = PBXFileReference; lastKnownFileType = text.plist.strings; name = ja; path = ja.lproj/IASKLocalizable.strings; sourceTree = "<group>"; };
		46C712851A5A3F5200BA4A72 /* nl */ = {isa = PBXFileReference; lastKnownFileType = text.plist.strings; name = nl; path = nl.lproj/IASKLocalizable.strings; sourceTree = "<group>"; };
		46C712861A5A3F5200BA4A72 /* pt-PT */ = {isa = PBXFileReference; lastKnownFileType = text.plist.strings; name = "pt-PT"; path = "pt-PT.lproj/IASKLocalizable.strings"; sourceTree = "<group>"; };
		46C712871A5A3F5200BA4A72 /* pt */ = {isa = PBXFileReference; lastKnownFileType = text.plist.strings; name = pt; path = pt.lproj/IASKLocalizable.strings; sourceTree = "<group>"; };
		46C712881A5A3F5200BA4A72 /* ru */ = {isa = PBXFileReference; lastKnownFileType = text.plist.strings; name = ru; path = ru.lproj/IASKLocalizable.strings; sourceTree = "<group>"; };
		46C712891A5A3F5200BA4A72 /* sv */ = {isa = PBXFileReference; lastKnownFileType = text.plist.strings; name = sv; path = sv.lproj/IASKLocalizable.strings; sourceTree = "<group>"; };
		46C7128A1A5A3F5200BA4A72 /* th */ = {isa = PBXFileReference; lastKnownFileType = text.plist.strings; name = th; path = th.lproj/IASKLocalizable.strings; sourceTree = "<group>"; };
		46C7128B1A5A3F5200BA4A72 /* tr */ = {isa = PBXFileReference; lastKnownFileType = text.plist.strings; name = tr; path = tr.lproj/IASKLocalizable.strings; sourceTree = "<group>"; };
		46C7128D1A5A3F5200BA4A72 /* IASKPSSliderSpecifierViewCell.h */ = {isa = PBXFileReference; fileEncoding = 4; lastKnownFileType = sourcecode.c.h; path = IASKPSSliderSpecifierViewCell.h; sourceTree = "<group>"; };
		46C7128E1A5A3F5200BA4A72 /* IASKPSSliderSpecifierViewCell.m */ = {isa = PBXFileReference; fileEncoding = 4; lastKnownFileType = sourcecode.c.objc; path = IASKPSSliderSpecifierViewCell.m; sourceTree = "<group>"; };
		46C7128F1A5A3F5200BA4A72 /* IASKPSTextFieldSpecifierViewCell.h */ = {isa = PBXFileReference; fileEncoding = 4; lastKnownFileType = sourcecode.c.h; path = IASKPSTextFieldSpecifierViewCell.h; sourceTree = "<group>"; };
		46C712901A5A3F5200BA4A72 /* IASKPSTextFieldSpecifierViewCell.m */ = {isa = PBXFileReference; fileEncoding = 4; lastKnownFileType = sourcecode.c.objc; path = IASKPSTextFieldSpecifierViewCell.m; sourceTree = "<group>"; };
		46C712911A5A3F5200BA4A72 /* IASKSlider.h */ = {isa = PBXFileReference; fileEncoding = 4; lastKnownFileType = sourcecode.c.h; path = IASKSlider.h; sourceTree = "<group>"; };
		46C712921A5A3F5200BA4A72 /* IASKSlider.m */ = {isa = PBXFileReference; fileEncoding = 4; lastKnownFileType = sourcecode.c.objc; path = IASKSlider.m; sourceTree = "<group>"; };
		46C712931A5A3F5200BA4A72 /* IASKSwitch.h */ = {isa = PBXFileReference; fileEncoding = 4; lastKnownFileType = sourcecode.c.h; path = IASKSwitch.h; sourceTree = "<group>"; };
		46C712941A5A3F5200BA4A72 /* IASKSwitch.m */ = {isa = PBXFileReference; fileEncoding = 4; lastKnownFileType = sourcecode.c.objc; path = IASKSwitch.m; sourceTree = "<group>"; };
		46C712951A5A3F5200BA4A72 /* IASKTextField.h */ = {isa = PBXFileReference; fileEncoding = 4; lastKnownFileType = sourcecode.c.h; path = IASKTextField.h; sourceTree = "<group>"; };
		46C712961A5A3F5200BA4A72 /* IASKTextField.m */ = {isa = PBXFileReference; fileEncoding = 4; lastKnownFileType = sourcecode.c.objc; path = IASKTextField.m; sourceTree = "<group>"; };
		46C712A81A5A546700BA4A72 /* AppSettingsTableViewController.swift */ = {isa = PBXFileReference; fileEncoding = 4; lastKnownFileType = sourcecode.swift; path = AppSettingsTableViewController.swift; sourceTree = "<group>"; };
		46C712AA1A5B959500BA4A72 /* StoreKit.framework */ = {isa = PBXFileReference; lastKnownFileType = wrapper.framework; name = StoreKit.framework; path = System/Library/Frameworks/StoreKit.framework; sourceTree = SDKROOT; };
		46E565391A52919700FC4376 /* RankTableViewUIHelper.swift */ = {isa = PBXFileReference; fileEncoding = 4; lastKnownFileType = sourcecode.swift; path = RankTableViewUIHelper.swift; sourceTree = "<group>"; };
		46E5653C1A53CDC800FC4376 /* UIScrollView+InfiniteScroll.h */ = {isa = PBXFileReference; fileEncoding = 4; lastKnownFileType = sourcecode.c.h; path = "UIScrollView+InfiniteScroll.h"; sourceTree = "<group>"; };
		46E5653D1A53CDC800FC4376 /* UIScrollView+InfiniteScroll.m */ = {isa = PBXFileReference; fileEncoding = 4; lastKnownFileType = sourcecode.c.objc; path = "UIScrollView+InfiniteScroll.m"; sourceTree = "<group>"; };
		46E5653F1A56779A00FC4376 /* Constant.swift */ = {isa = PBXFileReference; fileEncoding = 4; lastKnownFileType = sourcecode.swift; path = Constant.swift; sourceTree = "<group>"; };
/* End PBXFileReference section */

/* Begin PBXFrameworksBuildPhase section */
		46B921441A31582100D83851 /* Frameworks */ = {
			isa = PBXFrameworksBuildPhase;
			buildActionMask = 2147483647;
			files = (
				46C712AB1A5B959500BA4A72 /* StoreKit.framework in Frameworks */,
				4644520E1A4F80E00073B1D1 /* QuartzCore.framework in Frameworks */,
				461F0B3C1A4AA106003BA44E /* FacebookSDK.framework in Frameworks */,
				463A09F31A6796A3000AE617 /* Alamofire.framework in Frameworks */,
			);
			runOnlyForDeploymentPostprocessing = 0;
		};
		46B921591A31582100D83851 /* Frameworks */ = {
			isa = PBXFrameworksBuildPhase;
			buildActionMask = 2147483647;
			files = (
			);
			runOnlyForDeploymentPostprocessing = 0;
		};
/* End PBXFrameworksBuildPhase section */

/* Begin PBXGroup section */
		461F0B341A4AA082003BA44E /* SWRevealViewController */ = {
			isa = PBXGroup;
			children = (
				461F0B351A4AA082003BA44E /* SWRevealViewController.h */,
				461F0B361A4AA082003BA44E /* SWRevealViewController.m */,
			);
			path = SWRevealViewController;
			sourceTree = "<group>";
		};
		461F0B3D1A4AA125003BA44E /* AFNetworking */ = {
			isa = PBXGroup;
			children = (
				461F0B3E1A4AA125003BA44E /* AFHTTPRequestOperation.h */,
				461F0B3F1A4AA125003BA44E /* AFHTTPRequestOperation.m */,
				461F0B401A4AA125003BA44E /* AFHTTPRequestOperationManager.h */,
				461F0B411A4AA125003BA44E /* AFHTTPRequestOperationManager.m */,
				461F0B421A4AA125003BA44E /* AFHTTPSessionManager.h */,
				461F0B431A4AA125003BA44E /* AFHTTPSessionManager.m */,
				461F0B441A4AA125003BA44E /* AFNetworking.h */,
				461F0B451A4AA125003BA44E /* AFNetworkReachabilityManager.h */,
				461F0B461A4AA125003BA44E /* AFNetworkReachabilityManager.m */,
				461F0B471A4AA125003BA44E /* AFSecurityPolicy.h */,
				461F0B481A4AA125003BA44E /* AFSecurityPolicy.m */,
				461F0B491A4AA125003BA44E /* AFURLConnectionOperation.h */,
				461F0B4A1A4AA125003BA44E /* AFURLConnectionOperation.m */,
				461F0B4B1A4AA125003BA44E /* AFURLRequestSerialization.h */,
				461F0B4C1A4AA125003BA44E /* AFURLRequestSerialization.m */,
				461F0B4D1A4AA125003BA44E /* AFURLResponseSerialization.h */,
				461F0B4E1A4AA125003BA44E /* AFURLResponseSerialization.m */,
				461F0B4F1A4AA125003BA44E /* AFURLSessionManager.h */,
				461F0B501A4AA125003BA44E /* AFURLSessionManager.m */,
			);
			path = AFNetworking;
			sourceTree = "<group>";
		};
		463A09E61A67966D000AE617 /* Products */ = {
			isa = PBXGroup;
			children = (
				463A09EC1A67966D000AE617 /* Alamofire.framework */,
				463A09EE1A67966D000AE617 /* Alamofire.framework */,
				463A09F01A67966D000AE617 /* AlamofireTests.xctest */,
			);
			name = Products;
			sourceTree = "<group>";
		};
		464452131A51D9770073B1D1 /* SettingsBundle */ = {
			isa = PBXGroup;
			children = (
				464452141A51D9B10073B1D1 /* AppSettings.bundle */,
			);
			name = SettingsBundle;
			sourceTree = "<group>";
		};
		46610D751A4C04CC007E1145 /* SDWebImage */ = {
			isa = PBXGroup;
			children = (
				46610D761A4C04CC007E1145 /* MKAnnotationView+WebCache.h */,
				46610D771A4C04CC007E1145 /* MKAnnotationView+WebCache.m */,
				46610D781A4C04CC007E1145 /* NSData+ImageContentType.h */,
				46610D791A4C04CC007E1145 /* NSData+ImageContentType.m */,
				46610D7A1A4C04CC007E1145 /* SDImageCache.h */,
				46610D7B1A4C04CC007E1145 /* SDImageCache.m */,
				46610D7C1A4C04CC007E1145 /* SDWebImageCompat.h */,
				46610D7D1A4C04CC007E1145 /* SDWebImageCompat.m */,
				46610D7E1A4C04CC007E1145 /* SDWebImageDecoder.h */,
				46610D7F1A4C04CC007E1145 /* SDWebImageDecoder.m */,
				46610D801A4C04CC007E1145 /* SDWebImageDownloader.h */,
				46610D811A4C04CC007E1145 /* SDWebImageDownloader.m */,
				46610D821A4C04CC007E1145 /* SDWebImageDownloaderOperation.h */,
				46610D831A4C04CC007E1145 /* SDWebImageDownloaderOperation.m */,
				46610D841A4C04CC007E1145 /* SDWebImageManager.h */,
				46610D851A4C04CC007E1145 /* SDWebImageManager.m */,
				46610D861A4C04CC007E1145 /* SDWebImageOperation.h */,
				46610D871A4C04CC007E1145 /* SDWebImagePrefetcher.h */,
				46610D881A4C04CC007E1145 /* SDWebImagePrefetcher.m */,
				46610D891A4C04CC007E1145 /* UIButton+WebCache.h */,
				46610D8A1A4C04CC007E1145 /* UIButton+WebCache.m */,
				46610D8B1A4C04CC007E1145 /* UIImage+GIF.h */,
				46610D8C1A4C04CC007E1145 /* UIImage+GIF.m */,
				46610D8D1A4C04CC007E1145 /* UIImage+MultiFormat.h */,
				46610D8E1A4C04CC007E1145 /* UIImage+MultiFormat.m */,
				46610D8F1A4C04CC007E1145 /* UIImage+WebP.h */,
				46610D901A4C04CC007E1145 /* UIImage+WebP.m */,
				46610D911A4C04CC007E1145 /* UIImageView+HighlightedWebCache.h */,
				46610D921A4C04CC007E1145 /* UIImageView+HighlightedWebCache.m */,
				46610D931A4C04CC007E1145 /* UIImageView+WebCache.h */,
				46610D941A4C04CC007E1145 /* UIImageView+WebCache.m */,
				46610D951A4C04CC007E1145 /* UIView+WebCacheOperation.h */,
				46610D961A4C04CC007E1145 /* UIView+WebCacheOperation.m */,
			);
			name = SDWebImage;
			path = AFNetworking/SDWebImage;
			sourceTree = "<group>";
		};
		46610DAA1A4D37FA007E1145 /* UIHandler */ = {
			isa = PBXGroup;
			children = (
				46610DA81A4D328F007E1145 /* RatingButtonGroup.swift */,
				46610DB11A4EB88A007E1145 /* ScoreImageStamp.swift */,
				4644520B1A4F7C220073B1D1 /* CardGroupViewHelper.swift */,
				4644520F1A5005A60073B1D1 /* AccountViewUIHelper.swift */,
				464452111A513CA10073B1D1 /* ActionButtonGroup.swift */,
				46E565391A52919700FC4376 /* RankTableViewUIHelper.swift */,
				46C712631A59666100BA4A72 /* CustomAlertViewUIHelper.swift */,
			);
			name = UIHandler;
			sourceTree = "<group>";
		};
		46610DAD1A4E736C007E1145 /* ViewController */ = {
			isa = PBXGroup;
			children = (
				461F13CB1A345C18005290E1 /* ViewController.swift */,
				46B9218E1A315F5000D83851 /* LoginViewController.swift */,
				461F0B5C1A4BC05E003BA44E /* AccountViewController.swift */,
				46610DAB1A4E4480007E1145 /* RankViewController.swift */,
				46C712A81A5A546700BA4A72 /* AppSettingsTableViewController.swift */,
			);
			name = ViewController;
			sourceTree = "<group>";
		};
		46610DAE1A4E73A9007E1145 /* Utilities */ = {
			isa = PBXGroup;
			children = (
				46E5653F1A56779A00FC4376 /* Constant.swift */,
				46610DAF1A4E73D8007E1145 /* ApiHelper.swift */,
			);
			name = Utilities;
			sourceTree = "<group>";
		};
		46B9213E1A31582100D83851 = {
			isa = PBXGroup;
			children = (
				46B921491A31582100D83851 /* ratebeauty */,
				46B9215F1A31582100D83851 /* ratebeautyTests */,
				46B921481A31582100D83851 /* Products */,
			);
			sourceTree = "<group>";
		};
		46B921481A31582100D83851 /* Products */ = {
			isa = PBXGroup;
			children = (
				46B921471A31582100D83851 /* ratebeauty.app */,
				46B9215C1A31582100D83851 /* ratebeautyTests.xctest */,
			);
			name = Products;
			sourceTree = "<group>";
		};
		46B921491A31582100D83851 /* ratebeauty */ = {
			isa = PBXGroup;
			children = (
				464452131A51D9770073B1D1 /* SettingsBundle */,
				46610DAE1A4E73A9007E1145 /* Utilities */,
				46610DAD1A4E736C007E1145 /* ViewController */,
				46610DAA1A4D37FA007E1145 /* UIHandler */,
				46B9214C1A31582100D83851 /* AppDelegate.swift */,
				46B921501A31582100D83851 /* Main.storyboard */,
				46B921531A31582100D83851 /* Images.xcassets */,
				46B921551A31582100D83851 /* LaunchScreen.xib */,
				46B9214A1A31582100D83851 /* Supporting Files */,
				46B9216E1A3158BB00D83851 /* ratebeauty-Bridging-Header.h */,
			);
			path = ratebeauty;
			sourceTree = "<group>";
		};
		46B9214A1A31582100D83851 /* Supporting Files */ = {
			isa = PBXGroup;
			children = (
				463A09E51A67966D000AE617 /* Alamofire.xcodeproj */,
				46C712AA1A5B959500BA4A72 /* StoreKit.framework */,
				46C712651A5A3F5200BA4A72 /* InAppSettingsKit */,
				46C7125F1A59661700BA4A72 /* CustomAlertView */,
				46E5653B1A53CDAD00FC4376 /* InfiniteScroll */,
				4644520D1A4F80E00073B1D1 /* QuartzCore.framework */,
				461F0B3B1A4AA106003BA44E /* FacebookSDK.framework */,
				46610D751A4C04CC007E1145 /* SDWebImage */,
				461F0B3D1A4AA125003BA44E /* AFNetworking */,
				461F0B341A4AA082003BA44E /* SWRevealViewController */,
				46FA27AC1A36C4F80048E17A /* MBProgressHUD */,
				46B9214B1A31582100D83851 /* Info.plist */,
			);
			name = "Supporting Files";
			sourceTree = "<group>";
		};
		46B9215F1A31582100D83851 /* ratebeautyTests */ = {
			isa = PBXGroup;
			children = (
				46B921621A31582100D83851 /* ratebeautyTests.swift */,
				46B921601A31582100D83851 /* Supporting Files */,
			);
			path = ratebeautyTests;
			sourceTree = "<group>";
		};
		46B921601A31582100D83851 /* Supporting Files */ = {
			isa = PBXGroup;
			children = (
				46B921611A31582100D83851 /* Info.plist */,
			);
			name = "Supporting Files";
			sourceTree = "<group>";
		};
		46C7125F1A59661700BA4A72 /* CustomAlertView */ = {
			isa = PBXGroup;
			children = (
				46C712601A59663800BA4A72 /* CustomIOS7AlertView.h */,
				46C712611A59663800BA4A72 /* CustomIOS7AlertView.m */,
			);
			name = CustomAlertView;
			sourceTree = "<group>";
		};
		46C712651A5A3F5200BA4A72 /* InAppSettingsKit */ = {
			isa = PBXGroup;
			children = (
				46C712661A5A3F5200BA4A72 /* Controllers */,
				46C712701A5A3F5200BA4A72 /* Models */,
				46C7127B1A5A3F5200BA4A72 /* Resources */,
				46C7128C1A5A3F5200BA4A72 /* Views */,
			);
			path = InAppSettingsKit;
			sourceTree = "<group>";
		};
		46C712661A5A3F5200BA4A72 /* Controllers */ = {
			isa = PBXGroup;
			children = (
				46C712671A5A3F5200BA4A72 /* IASKAppSettingsViewController.h */,
				46C712681A5A3F5200BA4A72 /* IASKAppSettingsViewController.m */,
				46C712691A5A3F5200BA4A72 /* IASKAppSettingsWebViewController.h */,
				46C7126A1A5A3F5200BA4A72 /* IASKAppSettingsWebViewController.m */,
				46C7126B1A5A3F5200BA4A72 /* IASKMultipleValueSelection.h */,
				46C7126C1A5A3F5200BA4A72 /* IASKMultipleValueSelection.m */,
				46C7126D1A5A3F5200BA4A72 /* IASKSpecifierValuesViewController.h */,
				46C7126E1A5A3F5200BA4A72 /* IASKSpecifierValuesViewController.m */,
				46C7126F1A5A3F5200BA4A72 /* IASKViewController.h */,
			);
			path = Controllers;
			sourceTree = "<group>";
		};
		46C712701A5A3F5200BA4A72 /* Models */ = {
			isa = PBXGroup;
			children = (
				46C712711A5A3F5200BA4A72 /* IASKSettingsReader.h */,
				46C712721A5A3F5200BA4A72 /* IASKSettingsReader.m */,
				46C712731A5A3F5200BA4A72 /* IASKSettingsStore.h */,
				46C712741A5A3F5200BA4A72 /* IASKSettingsStore.m */,
				46C712751A5A3F5200BA4A72 /* IASKSettingsStoreFile.h */,
				46C712761A5A3F5200BA4A72 /* IASKSettingsStoreFile.m */,
				46C712771A5A3F5200BA4A72 /* IASKSettingsStoreUserDefaults.h */,
				46C712781A5A3F5200BA4A72 /* IASKSettingsStoreUserDefaults.m */,
				46C712791A5A3F5200BA4A72 /* IASKSpecifier.h */,
				46C7127A1A5A3F5200BA4A72 /* IASKSpecifier.m */,
			);
			path = Models;
			sourceTree = "<group>";
		};
		46C7127B1A5A3F5200BA4A72 /* Resources */ = {
			isa = PBXGroup;
			children = (
				46C7127C1A5A3F5200BA4A72 /* IASKLocalizable.strings */,
			);
			path = Resources;
			sourceTree = "<group>";
		};
		46C7128C1A5A3F5200BA4A72 /* Views */ = {
			isa = PBXGroup;
			children = (
				46C7128D1A5A3F5200BA4A72 /* IASKPSSliderSpecifierViewCell.h */,
				46C7128E1A5A3F5200BA4A72 /* IASKPSSliderSpecifierViewCell.m */,
				46C7128F1A5A3F5200BA4A72 /* IASKPSTextFieldSpecifierViewCell.h */,
				46C712901A5A3F5200BA4A72 /* IASKPSTextFieldSpecifierViewCell.m */,
				46C712911A5A3F5200BA4A72 /* IASKSlider.h */,
				46C712921A5A3F5200BA4A72 /* IASKSlider.m */,
				46C712931A5A3F5200BA4A72 /* IASKSwitch.h */,
				46C712941A5A3F5200BA4A72 /* IASKSwitch.m */,
				46C712951A5A3F5200BA4A72 /* IASKTextField.h */,
				46C712961A5A3F5200BA4A72 /* IASKTextField.m */,
			);
			path = Views;
			sourceTree = "<group>";
		};
		46E5653B1A53CDAD00FC4376 /* InfiniteScroll */ = {
			isa = PBXGroup;
			children = (
				46E5653C1A53CDC800FC4376 /* UIScrollView+InfiniteScroll.h */,
				46E5653D1A53CDC800FC4376 /* UIScrollView+InfiniteScroll.m */,
			);
			name = InfiniteScroll;
			sourceTree = "<group>";
		};
		46FA27AC1A36C4F80048E17A /* MBProgressHUD */ = {
			isa = PBXGroup;
			children = (
				461F0B381A4AA0A6003BA44E /* MBProgressHUD.h */,
				461F0B391A4AA0A6003BA44E /* MBProgressHUD.m */,
			);
			name = MBProgressHUD;
			sourceTree = "<group>";
		};
/* End PBXGroup section */

/* Begin PBXNativeTarget section */
		46B921461A31582100D83851 /* ratebeauty */ = {
			isa = PBXNativeTarget;
			buildConfigurationList = 46B921661A31582100D83851 /* Build configuration list for PBXNativeTarget "ratebeauty" */;
			buildPhases = (
				46B921431A31582100D83851 /* Sources */,
				46B921441A31582100D83851 /* Frameworks */,
				46B921451A31582100D83851 /* Resources */,
				463A09F71A6796A3000AE617 /* Embed Frameworks */,
			);
			buildRules = (
			);
			dependencies = (
				463A09F21A67968A000AE617 /* PBXTargetDependency */,
				463A09F61A6796A3000AE617 /* PBXTargetDependency */,
			);
			name = ratebeauty;
			productName = ratebeauty;
			productReference = 46B921471A31582100D83851 /* ratebeauty.app */;
			productType = "com.apple.product-type.application";
		};
		46B9215B1A31582100D83851 /* ratebeautyTests */ = {
			isa = PBXNativeTarget;
			buildConfigurationList = 46B921691A31582100D83851 /* Build configuration list for PBXNativeTarget "ratebeautyTests" */;
			buildPhases = (
				46B921581A31582100D83851 /* Sources */,
				46B921591A31582100D83851 /* Frameworks */,
				46B9215A1A31582100D83851 /* Resources */,
			);
			buildRules = (
			);
			dependencies = (
				46B9215E1A31582100D83851 /* PBXTargetDependency */,
			);
			name = ratebeautyTests;
			productName = ratebeautyTests;
			productReference = 46B9215C1A31582100D83851 /* ratebeautyTests.xctest */;
			productType = "com.apple.product-type.bundle.unit-test";
		};
/* End PBXNativeTarget section */

/* Begin PBXProject section */
		46B9213F1A31582100D83851 /* Project object */ = {
			isa = PBXProject;
			attributes = {
				LastUpgradeCheck = 0610;
				ORGANIZATIONNAME = "Liu, Naitian";
				TargetAttributes = {
					46B921461A31582100D83851 = {
						CreatedOnToolsVersion = 6.1.1;
						DevelopmentTeam = 7QF59FN54B;
					};
					46B9215B1A31582100D83851 = {
						CreatedOnToolsVersion = 6.1.1;
						TestTargetID = 46B921461A31582100D83851;
					};
				};
			};
			buildConfigurationList = 46B921421A31582100D83851 /* Build configuration list for PBXProject "ratebeauty" */;
			compatibilityVersion = "Xcode 3.2";
			developmentRegion = English;
			hasScannedForEncodings = 0;
			knownRegions = (
				en,
				Base,
				de,
				el,
				es,
				fr,
				it,
				ja,
				nl,
				"pt-PT",
				pt,
				ru,
				sv,
				th,
				tr,
			);
			mainGroup = 46B9213E1A31582100D83851;
			productRefGroup = 46B921481A31582100D83851 /* Products */;
			projectDirPath = "";
			projectReferences = (
				{
					ProductGroup = 463A09E61A67966D000AE617 /* Products */;
					ProjectRef = 463A09E51A67966D000AE617 /* Alamofire.xcodeproj */;
				},
			);
			projectRoot = "";
			targets = (
				46B921461A31582100D83851 /* ratebeauty */,
				46B9215B1A31582100D83851 /* ratebeautyTests */,
			);
		};
/* End PBXProject section */

/* Begin PBXReferenceProxy section */
		463A09EC1A67966D000AE617 /* Alamofire.framework */ = {
			isa = PBXReferenceProxy;
			fileType = wrapper.framework;
			path = Alamofire.framework;
			remoteRef = 463A09EB1A67966D000AE617 /* PBXContainerItemProxy */;
			sourceTree = BUILT_PRODUCTS_DIR;
		};
		463A09EE1A67966D000AE617 /* Alamofire.framework */ = {
			isa = PBXReferenceProxy;
			fileType = wrapper.framework;
			path = Alamofire.framework;
			remoteRef = 463A09ED1A67966D000AE617 /* PBXContainerItemProxy */;
			sourceTree = BUILT_PRODUCTS_DIR;
		};
		463A09F01A67966D000AE617 /* AlamofireTests.xctest */ = {
			isa = PBXReferenceProxy;
			fileType = wrapper.cfbundle;
			path = AlamofireTests.xctest;
			remoteRef = 463A09EF1A67966D000AE617 /* PBXContainerItemProxy */;
			sourceTree = BUILT_PRODUCTS_DIR;
		};
/* End PBXReferenceProxy section */

/* Begin PBXResourcesBuildPhase section */
		46B921451A31582100D83851 /* Resources */ = {
			isa = PBXResourcesBuildPhase;
			buildActionMask = 2147483647;
			files = (
				46C712A01A5A3F5200BA4A72 /* IASKLocalizable.strings in Resources */,
				464452151A51D9B10073B1D1 /* AppSettings.bundle in Resources */,
				46B921521A31582100D83851 /* Main.storyboard in Resources */,
				46B921571A31582100D83851 /* LaunchScreen.xib in Resources */,
				46B921541A31582100D83851 /* Images.xcassets in Resources */,
			);
			runOnlyForDeploymentPostprocessing = 0;
		};
		46B9215A1A31582100D83851 /* Resources */ = {
			isa = PBXResourcesBuildPhase;
			buildActionMask = 2147483647;
			files = (
			);
			runOnlyForDeploymentPostprocessing = 0;
		};
/* End PBXResourcesBuildPhase section */

/* Begin PBXSourcesBuildPhase section */
		46B921431A31582100D83851 /* Sources */ = {
			isa = PBXSourcesBuildPhase;
			buildActionMask = 2147483647;
			files = (
				46C712981A5A3F5200BA4A72 /* IASKAppSettingsWebViewController.m in Sources */,
				46610DA11A4C04CC007E1145 /* UIImage+GIF.m in Sources */,
				46B9218F1A315F5000D83851 /* LoginViewController.swift in Sources */,
				461F0B5D1A4BC05E003BA44E /* AccountViewController.swift in Sources */,
				461F0B531A4AA125003BA44E /* AFHTTPSessionManager.m in Sources */,
				46C712A21A5A3F5200BA4A72 /* IASKPSTextFieldSpecifierViewCell.m in Sources */,
				46610DA31A4C04CC007E1145 /* UIImage+WebP.m in Sources */,
				46C712A41A5A3F5200BA4A72 /* IASKSwitch.m in Sources */,
				46C712A51A5A3F5200BA4A72 /* IASKTextField.m in Sources */,
				46610D981A4C04CC007E1145 /* NSData+ImageContentType.m in Sources */,
				461F0B541A4AA125003BA44E /* AFNetworkReachabilityManager.m in Sources */,
				464452121A513CA10073B1D1 /* ActionButtonGroup.swift in Sources */,
				46C712991A5A3F5200BA4A72 /* IASKMultipleValueSelection.m in Sources */,
				461F0B511A4AA125003BA44E /* AFHTTPRequestOperation.m in Sources */,
				46610D9B1A4C04CC007E1145 /* SDWebImageDecoder.m in Sources */,
				46610DAC1A4E4480007E1145 /* RankViewController.swift in Sources */,
				46E5653A1A52919700FC4376 /* RankTableViewUIHelper.swift in Sources */,
				46C7129B1A5A3F5200BA4A72 /* IASKSettingsReader.m in Sources */,
				46E5653E1A53CDC800FC4376 /* UIScrollView+InfiniteScroll.m in Sources */,
				461F0B571A4AA125003BA44E /* AFURLRequestSerialization.m in Sources */,
				46610DA01A4C04CC007E1145 /* UIButton+WebCache.m in Sources */,
				46610D9E1A4C04CC007E1145 /* SDWebImageManager.m in Sources */,
				46C7129C1A5A3F5200BA4A72 /* IASKSettingsStore.m in Sources */,
				46C712971A5A3F5200BA4A72 /* IASKAppSettingsViewController.m in Sources */,
				461F0B561A4AA125003BA44E /* AFURLConnectionOperation.m in Sources */,
				46C7129E1A5A3F5200BA4A72 /* IASKSettingsStoreUserDefaults.m in Sources */,
				46610DA51A4C04CC007E1145 /* UIImageView+WebCache.m in Sources */,
				46C712A31A5A3F5200BA4A72 /* IASKSlider.m in Sources */,
				46C712A91A5A546700BA4A72 /* AppSettingsTableViewController.swift in Sources */,
				461F0B591A4AA125003BA44E /* AFURLSessionManager.m in Sources */,
				46C712641A59666100BA4A72 /* CustomAlertViewUIHelper.swift in Sources */,
				461F13CC1A345C18005290E1 /* ViewController.swift in Sources */,
				461F0B371A4AA082003BA44E /* SWRevealViewController.m in Sources */,
				461F0B551A4AA125003BA44E /* AFSecurityPolicy.m in Sources */,
				46610DA41A4C04CC007E1145 /* UIImageView+HighlightedWebCache.m in Sources */,
				46C712A11A5A3F5200BA4A72 /* IASKPSSliderSpecifierViewCell.m in Sources */,
				46610DA91A4D328F007E1145 /* RatingButtonGroup.swift in Sources */,
				46610D9C1A4C04CC007E1145 /* SDWebImageDownloader.m in Sources */,
				46610D9F1A4C04CC007E1145 /* SDWebImagePrefetcher.m in Sources */,
				46B9214D1A31582100D83851 /* AppDelegate.swift in Sources */,
				46610D991A4C04CC007E1145 /* SDImageCache.m in Sources */,
				464452101A5005A60073B1D1 /* AccountViewUIHelper.swift in Sources */,
				46C712621A59663800BA4A72 /* CustomIOS7AlertView.m in Sources */,
				46610D9D1A4C04CC007E1145 /* SDWebImageDownloaderOperation.m in Sources */,
				461F0B521A4AA125003BA44E /* AFHTTPRequestOperationManager.m in Sources */,
				46610DB21A4EB88A007E1145 /* ScoreImageStamp.swift in Sources */,
				46610D971A4C04CC007E1145 /* MKAnnotationView+WebCache.m in Sources */,
				46C7129A1A5A3F5200BA4A72 /* IASKSpecifierValuesViewController.m in Sources */,
				46610DA21A4C04CC007E1145 /* UIImage+MultiFormat.m in Sources */,
				46E565401A56779A00FC4376 /* Constant.swift in Sources */,
				46C7129F1A5A3F5200BA4A72 /* IASKSpecifier.m in Sources */,
				46610DA61A4C04CC007E1145 /* UIView+WebCacheOperation.m in Sources */,
				46C7129D1A5A3F5200BA4A72 /* IASKSettingsStoreFile.m in Sources */,
				46610D9A1A4C04CC007E1145 /* SDWebImageCompat.m in Sources */,
				461F0B3A1A4AA0A6003BA44E /* MBProgressHUD.m in Sources */,
				461F0B581A4AA125003BA44E /* AFURLResponseSerialization.m in Sources */,
				46610DB01A4E73D8007E1145 /* ApiHelper.swift in Sources */,
				4644520C1A4F7C220073B1D1 /* CardGroupViewHelper.swift in Sources */,
			);
			runOnlyForDeploymentPostprocessing = 0;
		};
		46B921581A31582100D83851 /* Sources */ = {
			isa = PBXSourcesBuildPhase;
			buildActionMask = 2147483647;
			files = (
				46B921631A31582100D83851 /* ratebeautyTests.swift in Sources */,
			);
			runOnlyForDeploymentPostprocessing = 0;
		};
/* End PBXSourcesBuildPhase section */

/* Begin PBXTargetDependency section */
		463A09F21A67968A000AE617 /* PBXTargetDependency */ = {
			isa = PBXTargetDependency;
			name = "Alamofire iOS";
			targetProxy = 463A09F11A67968A000AE617 /* PBXContainerItemProxy */;
		};
		463A09F61A6796A3000AE617 /* PBXTargetDependency */ = {
			isa = PBXTargetDependency;
			name = "Alamofire iOS";
			targetProxy = 463A09F51A6796A3000AE617 /* PBXContainerItemProxy */;
		};
		46B9215E1A31582100D83851 /* PBXTargetDependency */ = {
			isa = PBXTargetDependency;
			target = 46B921461A31582100D83851 /* ratebeauty */;
			targetProxy = 46B9215D1A31582100D83851 /* PBXContainerItemProxy */;
		};
/* End PBXTargetDependency section */

/* Begin PBXVariantGroup section */
		46B921501A31582100D83851 /* Main.storyboard */ = {
			isa = PBXVariantGroup;
			children = (
				46B921511A31582100D83851 /* Base */,
			);
			name = Main.storyboard;
			sourceTree = "<group>";
		};
		46B921551A31582100D83851 /* LaunchScreen.xib */ = {
			isa = PBXVariantGroup;
			children = (
				46B921561A31582100D83851 /* Base */,
			);
			name = LaunchScreen.xib;
			sourceTree = "<group>";
		};
		46C7127C1A5A3F5200BA4A72 /* IASKLocalizable.strings */ = {
			isa = PBXVariantGroup;
			children = (
				46C7127D1A5A3F5200BA4A72 /* Base */,
				46C7127E1A5A3F5200BA4A72 /* de */,
				46C7127F1A5A3F5200BA4A72 /* el */,
				46C712801A5A3F5200BA4A72 /* en */,
				46C712811A5A3F5200BA4A72 /* es */,
				46C712821A5A3F5200BA4A72 /* fr */,
				46C712831A5A3F5200BA4A72 /* it */,
				46C712841A5A3F5200BA4A72 /* ja */,
				46C712851A5A3F5200BA4A72 /* nl */,
				46C712861A5A3F5200BA4A72 /* pt-PT */,
				46C712871A5A3F5200BA4A72 /* pt */,
				46C712881A5A3F5200BA4A72 /* ru */,
				46C712891A5A3F5200BA4A72 /* sv */,
				46C7128A1A5A3F5200BA4A72 /* th */,
				46C7128B1A5A3F5200BA4A72 /* tr */,
			);
			name = IASKLocalizable.strings;
			sourceTree = "<group>";
		};
/* End PBXVariantGroup section */

/* Begin XCBuildConfiguration section */
		46B921641A31582100D83851 /* Debug */ = {
			isa = XCBuildConfiguration;
			buildSettings = {
				ALWAYS_SEARCH_USER_PATHS = NO;
				CLANG_CXX_LANGUAGE_STANDARD = "gnu++0x";
				CLANG_CXX_LIBRARY = "libc++";
				CLANG_ENABLE_MODULES = YES;
				CLANG_ENABLE_OBJC_ARC = YES;
				CLANG_WARN_BOOL_CONVERSION = YES;
				CLANG_WARN_CONSTANT_CONVERSION = YES;
				CLANG_WARN_DIRECT_OBJC_ISA_USAGE = YES_ERROR;
				CLANG_WARN_EMPTY_BODY = YES;
				CLANG_WARN_ENUM_CONVERSION = YES;
				CLANG_WARN_INT_CONVERSION = YES;
				CLANG_WARN_OBJC_ROOT_CLASS = YES_ERROR;
				CLANG_WARN_UNREACHABLE_CODE = YES;
				CLANG_WARN__DUPLICATE_METHOD_MATCH = YES;
				"CODE_SIGN_IDENTITY[sdk=iphoneos*]" = "iPhone Developer";
				COPY_PHASE_STRIP = NO;
				ENABLE_STRICT_OBJC_MSGSEND = YES;
				GCC_C_LANGUAGE_STANDARD = gnu99;
				GCC_DYNAMIC_NO_PIC = NO;
				GCC_OPTIMIZATION_LEVEL = 0;
				GCC_PREPROCESSOR_DEFINITIONS = (
					"DEBUG=1",
					"$(inherited)",
				);
				GCC_SYMBOLS_PRIVATE_EXTERN = NO;
				GCC_WARN_64_TO_32_BIT_CONVERSION = YES;
				GCC_WARN_ABOUT_RETURN_TYPE = YES_ERROR;
				GCC_WARN_UNDECLARED_SELECTOR = YES;
				GCC_WARN_UNINITIALIZED_AUTOS = YES_AGGRESSIVE;
				GCC_WARN_UNUSED_FUNCTION = YES;
				GCC_WARN_UNUSED_VARIABLE = YES;
				IPHONEOS_DEPLOYMENT_TARGET = 8.1;
				MTL_ENABLE_DEBUG_INFO = YES;
				ONLY_ACTIVE_ARCH = YES;
				SDKROOT = iphoneos;
				SWIFT_OPTIMIZATION_LEVEL = "-Onone";
			};
			name = Debug;
		};
		46B921651A31582100D83851 /* Release */ = {
			isa = XCBuildConfiguration;
			buildSettings = {
				ALWAYS_SEARCH_USER_PATHS = NO;
				CLANG_CXX_LANGUAGE_STANDARD = "gnu++0x";
				CLANG_CXX_LIBRARY = "libc++";
				CLANG_ENABLE_MODULES = YES;
				CLANG_ENABLE_OBJC_ARC = YES;
				CLANG_WARN_BOOL_CONVERSION = YES;
				CLANG_WARN_CONSTANT_CONVERSION = YES;
				CLANG_WARN_DIRECT_OBJC_ISA_USAGE = YES_ERROR;
				CLANG_WARN_EMPTY_BODY = YES;
				CLANG_WARN_ENUM_CONVERSION = YES;
				CLANG_WARN_INT_CONVERSION = YES;
				CLANG_WARN_OBJC_ROOT_CLASS = YES_ERROR;
				CLANG_WARN_UNREACHABLE_CODE = YES;
				CLANG_WARN__DUPLICATE_METHOD_MATCH = YES;
				"CODE_SIGN_IDENTITY[sdk=iphoneos*]" = "iPhone Developer";
				COPY_PHASE_STRIP = YES;
				ENABLE_NS_ASSERTIONS = NO;
				ENABLE_STRICT_OBJC_MSGSEND = YES;
				GCC_C_LANGUAGE_STANDARD = gnu99;
				GCC_WARN_64_TO_32_BIT_CONVERSION = YES;
				GCC_WARN_ABOUT_RETURN_TYPE = YES_ERROR;
				GCC_WARN_UNDECLARED_SELECTOR = YES;
				GCC_WARN_UNINITIALIZED_AUTOS = YES_AGGRESSIVE;
				GCC_WARN_UNUSED_FUNCTION = YES;
				GCC_WARN_UNUSED_VARIABLE = YES;
				IPHONEOS_DEPLOYMENT_TARGET = 8.1;
				MTL_ENABLE_DEBUG_INFO = NO;
				SDKROOT = iphoneos;
				VALIDATE_PRODUCT = YES;
			};
			name = Release;
		};
		46B921671A31582100D83851 /* Debug */ = {
			isa = XCBuildConfiguration;
			buildSettings = {
				ASSETCATALOG_COMPILER_APPICON_NAME = AppIcon;
				EMBEDDED_CONTENT_CONTAINS_SWIFT = YES;
				FRAMEWORK_SEARCH_PATHS = (
					"$(inherited)",
					/Users/nliu/Documents/FacebookSDK,
					"$(PROJECT_DIR)",
				);
				INFOPLIST_FILE = ratebeauty/Info.plist;
				LD_RUNPATH_SEARCH_PATHS = "$(inherited) @executable_path/Frameworks";
				PRODUCT_NAME = "$(TARGET_NAME)";
				SWIFT_OBJC_BRIDGING_HEADER = "/Users/nliu/Documents/workspace/ratebeauty/rb-client/ratebeauty/ratebeauty-Bridging-Header.h";
			};
			name = Debug;
		};
		46B921681A31582100D83851 /* Release */ = {
			isa = XCBuildConfiguration;
			buildSettings = {
				ASSETCATALOG_COMPILER_APPICON_NAME = AppIcon;
				EMBEDDED_CONTENT_CONTAINS_SWIFT = YES;
				FRAMEWORK_SEARCH_PATHS = (
					"$(inherited)",
					/Users/nliu/Documents/FacebookSDK,
					"$(PROJECT_DIR)",
				);
				INFOPLIST_FILE = ratebeauty/Info.plist;
				LD_RUNPATH_SEARCH_PATHS = "$(inherited) @executable_path/Frameworks";
				PRODUCT_NAME = "$(TARGET_NAME)";
				SWIFT_OBJC_BRIDGING_HEADER = "/Users/nliu/Documents/workspace/ratebeauty/rb-client/ratebeauty/ratebeauty-Bridging-Header.h";
			};
			name = Release;
		};
		46B9216A1A31582100D83851 /* Debug */ = {
			isa = XCBuildConfiguration;
			buildSettings = {
				BUNDLE_LOADER = "$(TEST_HOST)";
				FRAMEWORK_SEARCH_PATHS = (
					"$(SDKROOT)/Developer/Library/Frameworks",
					"$(inherited)",
				);
				GCC_PREPROCESSOR_DEFINITIONS = (
					"DEBUG=1",
					"$(inherited)",
				);
				INFOPLIST_FILE = ratebeautyTests/Info.plist;
				LD_RUNPATH_SEARCH_PATHS = "$(inherited) @executable_path/Frameworks @loader_path/Frameworks";
				PRODUCT_NAME = "$(TARGET_NAME)";
				TEST_HOST = "$(BUILT_PRODUCTS_DIR)/ratebeauty.app/ratebeauty";
			};
			name = Debug;
		};
		46B9216B1A31582100D83851 /* Release */ = {
			isa = XCBuildConfiguration;
			buildSettings = {
				BUNDLE_LOADER = "$(TEST_HOST)";
				FRAMEWORK_SEARCH_PATHS = (
					"$(SDKROOT)/Developer/Library/Frameworks",
					"$(inherited)",
				);
				INFOPLIST_FILE = ratebeautyTests/Info.plist;
				LD_RUNPATH_SEARCH_PATHS = "$(inherited) @executable_path/Frameworks @loader_path/Frameworks";
				PRODUCT_NAME = "$(TARGET_NAME)";
				TEST_HOST = "$(BUILT_PRODUCTS_DIR)/ratebeauty.app/ratebeauty";
			};
			name = Release;
		};
/* End XCBuildConfiguration section */

/* Begin XCConfigurationList section */
		46B921421A31582100D83851 /* Build configuration list for PBXProject "ratebeauty" */ = {
			isa = XCConfigurationList;
			buildConfigurations = (
				46B921641A31582100D83851 /* Debug */,
				46B921651A31582100D83851 /* Release */,
			);
			defaultConfigurationIsVisible = 0;
			defaultConfigurationName = Release;
		};
		46B921661A31582100D83851 /* Build configuration list for PBXNativeTarget "ratebeauty" */ = {
			isa = XCConfigurationList;
			buildConfigurations = (
				46B921671A31582100D83851 /* Debug */,
				46B921681A31582100D83851 /* Release */,
			);
			defaultConfigurationIsVisible = 0;
			defaultConfigurationName = Release;
		};
		46B921691A31582100D83851 /* Build configuration list for PBXNativeTarget "ratebeautyTests" */ = {
			isa = XCConfigurationList;
			buildConfigurations = (
				46B9216A1A31582100D83851 /* Debug */,
				46B9216B1A31582100D83851 /* Release */,
			);
			defaultConfigurationIsVisible = 0;
			defaultConfigurationName = Release;
		};
/* End XCConfigurationList section */
	};
	rootObject = 46B9213F1A31582100D83851 /* Project object */;
}
